
Microsoft Visual Studio Solution File, Format Version 12.00
# Visual Studio Version 17
VisualStudioVersion = 17.3.32825.248
MinimumVisualStudioVersion = 10.0.40219.1
Project("{9A19103F-16F7-4668-BE54-9A1E7A4F7556}") = "ClientApp", "ClientApp\ClientApp.csproj", "{ED805B32-8395-4CF5-9D27-899D986D5D30}"
EndProject
Global
	GlobalSection(SolutionConfigurationPlatforms) = preSolution
		Debug|Any CPU = Debug|Any CPU
		Release|Any CPU = Release|Any CPU
	EndGlobalSection
	GlobalSection(ProjectConfigurationPlatforms) = postSolution
		{ED805B32-8395-4CF5-9D27-899D986D5D30}.Debug|Any CPU.ActiveCfg = Debug|Any CPU
		{ED805B32-8395-4CF5-9D27-899D986D5D30}.Debug|Any CPU.Build.0 = Debug|Any CPU
		{ED805B32-8395-4CF5-9D27-899D986D5D30}.Release|Any CPU.ActiveCfg = Release|Any CPU
		{ED805B32-8395-4CF5-9D27-899D986D5D30}.Release|Any CPU.Build.0 = Release|Any CPU
	EndGlobalSection
	GlobalSection(SolutionProperties) = preSolution
		HideSolutionNode = FALSE
	EndGlobalSection
	GlobalSection(ExtensibilityGlobals) = postSolution
		SolutionGuid = {2500666E-36F5-4D8C-BDEE-C1EBFCB45D3C}
	EndGlobalSection
EndGlobal
